lockfileVersion: '9.0'

settings:
  autoInstallPeers: true
  excludeLinksFromLockfile: false

importers:

  .:
    dependencies:
      '@js-temporal/polyfill':
        specifier: ^0.5.1
        version: 0.5.1
      '@oxc-project/runtime':
        specifier: 0.132.0
        version: 0.132.0
      '@petamoriken/float16':
        specifier: ^3.9.3
        version: 3.9.3
      get-tsconfig:
        specifier: ^4.14.0
        version: 4.14.0
      oxc-parser:
        specifier: 0.132.0
        version: 0.132.0
      oxc-transform:
        specifier: 0.132.0
        version: 0.132.0
      urlpattern-polyfill:
        specifier: ^10.1.0
        version: 10.1.0

packages:

  '@emnapi/core@1.10.0':
    resolution: {integrity: sha512-yq6OkJ4p82CAfPl0u9mQebQHKPJkY7WrIuk205cTYnYe+k2Z8YBh11FrbRG/H6ihirqcacOgl2BIO8oyMQLeXw==}

  '@emnapi/runtime@1.10.0':
    resolution: {integrity: sha512-ewvYlk86xUoGI0zQRNq/mC+16R1QeDlKQy21Ki3oSYXNgLb45GV1P6A0M+/s6nyCuNDqe5VpaY84BzXGwVbwFA==}

  '@emnapi/wasi-threads@1.2.1':
    resolution: {integrity: sha512-uTII7OYF+/Mes/MrcIOYp5yOtSMLBWSIoLPpcgwipoiKbli6k322tcoFsxoIIxPDqW01SQGAgko4EzZi2BNv2w==}

  '@js-temporal/polyfill@0.5.1':
    resolution: {integrity: sha512-hloP58zRVCRSpgDxmqCWJNlizAlUgJFqG2ypq79DCvyv9tHjRYMDOcPFjzfl/A1/YxDvRCZz8wvZvmapQnKwFQ==}
    engines: {node: '>=12'}

  '@napi-rs/wasm-runtime@1.1.4':
    resolution: {integrity: sha512-3NQNNgA1YSlJb/kMH1ildASP9HW7/7kYnRI2szWJaofaS1hWmbGI4H+d3+22aGzXXN9IJ+n+GiFVcGipJP18ow==}
    peerDependencies:
      '@emnapi/core': ^1.7.1
      '@emnapi/runtime': ^1.7.1

  '@oxc-parser/binding-android-arm-eabi@0.132.0':
    resolution: {integrity: sha512-KrLaPWa5c9Y7LkW+rKkaUE3y7DBDrQtaf7rlsSDfv6KAHUjgzAIRA761Lrrp6//Yd/Rlie/yEOt9YENCoJnOcw==}
    engines: {node: ^20.19.0 || >=22.12.0}
    cpu: [arm]
    os: [android]

  '@oxc-parser/binding-android-arm64@0.132.0':
    resolution: {integrity: sha512-SThDrSeamB/kG2+NxcJ5/wSLcV6dUqDknrPLqFYQ0ST/55mtBP4M7Q/f3QbubH6aAd11wpzZn/nwbVRSdobOpg==}
    engines: {node: ^20.19.0 || >=22.12.0}
    cpu: [arm64]
    os: [android]

  '@oxc-parser/binding-darwin-arm64@0.132.0':
    resolution: {integrity: sha512-Lc0f/TYoKBghE5/2Gsv7bLXk+TJZunx2Tf61X8hG4ARXdc8UYI26dCGccFSd1AyFbK3jfaNXtMnupggDbjPXdQ==}
    engines: {node: ^20.19.0 || >=22.12.0}
    cpu: [arm64]
    os: [darwin]

  '@oxc-parser/binding-darwin-x64@0.132.0':
    resolution: {integrity: sha512-RG2eJIpf7C21z9HSSXFw1bTArdpKe7Y4fwcJTwRq1yCSe1vSavaN9GA1sm9KqzemTLAGVktQ+7qBTGp0vQeUZg==}
    engines: {node: ^20.19.0 || >=22.12.0}
    cpu: [x64]
    os: [darwin]

  '@oxc-parser/binding-freebsd-x64@0.132.0':
    resolution: {integrity: sha512-wQIPntPLtJ8NcBpvKPbEv3NqzV6k8eP8tP/jE9Rg8HTg/j7urZGFSsTCPCW5k77Qfw2DM4vRvc9p3I4yq/Shvw==}
    engines: {node: ^20.19.0 || >=22.12.0}
    cpu: [x64]
    os: [freebsd]

  '@oxc-parser/binding-linux-arm-gnueabihf@0.132.0':
    resolution: {integrity: sha512-PixKEpeSe3yxQWqNyOCBALRYc72+Tj7ILDofUl3iXo25cVOzLA6jHUhmOINRtWIPh7dbUie3QNeabwaQpZTw6w==}
    engines: {node: ^20.19.0 || >=22.12.0}
    cpu: [arm]
    os: [linux]

  '@oxc-parser/binding-linux-arm-musleabihf@0.132.0':
    resolution: {integrity: sha512-sCR+DzGHlyHKnbA2z9zWjTUhIo8Sy0enJl4RDsBwPmkxYynPatpwOAWe8W5127SlW0boqUWHGtr1NWn5UwIhXQ==}
    engines: {node: ^20.19.0 || >=22.12.0}
    cpu: [arm]
    os: [linux]

  '@oxc-parser/binding-linux-arm64-gnu@0.132.0':
    resolution: {integrity: sha512-sQBix5P2cW+IpzTcCwYxnh9yALrKSIkKJThspBvMGcygSMnbzkSvhN7SfuX1hvBk8y1XEChsdkU3ET0V5DmzUw==}
    engines: {node: ^20.19.0 || >=22.12.0}
    cpu: [arm64]
    os: [linux]

  '@oxc-parser/binding-linux-arm64-musl@0.132.0':
    resolution: {integrity: sha512-WozHg3Kc//8Sk756HXXgMbEAvqtG+Lzb9JOojwQzIGDtN78Az2dLttkb71akWYUF/8IgYfDSlfKh4Uot8is5Vw==}
    engines: {node: ^20.19.0 || >=22.12.0}
    cpu: [arm64]
    os: [linux]

  '@oxc-parser/binding-linux-ppc64-gnu@0.132.0':
    resolution: {integrity: sha512-CmX/ulNBOEwWTyVRmcpYKAcAizW6+OjtLJgo7fXoL9OqQvjF4VER8tPomv44vwzfSCy1BHbsB0ZlZYzYJNj4cA==}
    engines: {node: ^20.19.0 || >=22.12.0}
    cpu: [ppc64]
    os: [linux]

  '@oxc-parser/binding-linux-riscv64-gnu@0.132.0':
    resolution: {integrity: sha512-j9oQS+hM90SdhviNGWbPgT4+Rlq+ac++q/zjgwPD1mVHgxHzATvoRGtDx0sXGmFOQ9J9YkwAhYGb5MAHL6TAsA==}
    engines: {node: ^20.19.0 || >=22.12.0}
    cpu: [riscv64]
    os: [linux]

  '@oxc-parser/binding-linux-riscv64-musl@0.132.0':
    resolution: {integrity: sha512-bLz+Xi+Agnfmd7kWPEsSVwCn2k4EyIalZkNBcQ0OGIv9rqn8VgCPLNd03tM9mKX/5TdlvDXalz0q71BIrOPNqg==}
    engines: {node: ^20.19.0 || >=22.12.0}
    cpu: [riscv64]
    os: [linux]

  '@oxc-parser/binding-linux-s390x-gnu@0.132.0':
    resolution: {integrity: sha512-U6t2qbJU0ypTfyj9QV3W1Y6mITDTL8ai/OR6NUn85vyHthOvobKWgXzU4tu0EskSzlpuVFz1g0jFGulDIUKHxQ==}
    engines: {node: ^20.19.0 || >=22.12.0}
    cpu: [s390x]
    os: [linux]

  '@oxc-parser/binding-linux-x64-gnu@0.132.0':
    resolution: {integrity: sha512-WcEaSNHFk8yz5YFlQQAlhq6jOFmZBB/RKE7uzhyCIf+pF1Lmv9gUH4221mle2Gd9iHyWT3ySNph8yZgb1xYdWg==}
    engines: {node: ^20.19.0 || >=22.12.0}
    cpu: [x64]
    os: [linux]

  '@oxc-parser/binding-linux-x64-musl@0.132.0':
    resolution: {integrity: sha512-iQrV4iJzQgRwK3BWRmQl1C3C6g3wYpXN2WLdQdyR+efoUnncdShZAVp9OgcojtlD3MDRbuOMGG3SjxF4fL4nlQ==}
    engines: {node: ^20.19.0 || >=22.12.0}
    cpu: [x64]
    os: [linux]

  '@oxc-parser/binding-openharmony-arm64@0.132.0':
    resolution: {integrity: sha512-FWzmUGrZ6GUby4U7WIwcCtab6tdmlTO3xTRRKyb5kjIJVEiaUAT8animUG/nK8ZCA8gkRkPOTId4rl6uTqUmJQ==}
    engines: {node: ^20.19.0 || >=22.12.0}
    cpu: [arm64]
    os: [openharmony]

  '@oxc-parser/binding-wasm32-wasi@0.132.0':
    resolution: {integrity: sha512-TlbMppxJI5CjWDes0QaP6G3aneVg1yikBu5QYI+DUShF9WDL66ccgKFNNGmi/Wybtszw6hxwAvv76T4DaPKnHw==}
    engines: {node: ^20.19.0 || >=22.12.0}
    cpu: [wasm32]

  '@oxc-parser/binding-win32-arm64-msvc@0.132.0':
    resolution: {integrity: sha512-RH/NbFjGKqdUAUi7Oh3LQPxUk2hsWFEEQ38HSnbRQT8QjBZFKqL1fMbmsB3N4jy/KPh9iX94+9dmkEMBBbambw==}
    engines: {node: ^20.19.0 || >=22.12.0}
    cpu: [arm64]
    os: [win32]

  '@oxc-parser/binding-win32-ia32-msvc@0.132.0':
    resolution: {integrity: sha512-JUr4jQY9jxoIB/YTLXr6XofSi5xikj6p5/Ns1h0VOBDT0j1jKU+kMsv2xxv51RwnETcXpA1Yw/9oUAfcqfaqEA==}
    engines: {node: ^20.19.0 || >=22.12.0}
    cpu: [ia32]
    os: [win32]

  '@oxc-parser/binding-win32-x64-msvc@0.132.0':
    resolution: {integrity: sha512-2dapgHpA5X8DSXF4AU36hJWYf6zP0tKjMXFRAZFBD62pkevW/uhFDXoFH9Y/3Fd2EtDrw5ByNnR1wVE9X9y0SQ==}
    engines: {node: ^20.19.0 || >=22.12.0}
    cpu: [x64]
    os: [win32]

  '@oxc-project/runtime@0.132.0':
    resolution: {integrity: sha512-Y8if5Ci7/WP163yuVBxG98zxB0dK3QKiO9vKHXVP05MNHYFdoqMx5bhl8x69SNOaFM+hV0uadGHJmZ+zU3oILQ==}
    engines: {node: ^20.19.0 || >=22.12.0}

  '@oxc-project/types@0.132.0':
    resolution: {integrity: sha512-FESMOxil5Se014ui/Eq8fT5uHJo6nIRwH0PfJrZJXs6Gek3ZVFOrpUv3YIZT20m+extU98Hg1Ym72U58rlsxUQ==}

  '@oxc-transform/binding-android-arm-eabi@0.132.0':
    resolution: {integrity: sha512-UEC6fwIer1e2H8+KYXfhfYMsDgqxrG93lCj3FkrKkJ2O05rikqiJLYGd9ZntmKne+9bOMMuznVKLGErub++mAg==}
    engines: {node: ^20.19.0 || >=22.12.0}
    cpu: [arm]
    os: [android]

  '@oxc-transform/binding-android-arm64@0.132.0':
    resolution: {integrity: sha512-sr2BbEHtc5OkAN2nt5BpWGg/MnDkyQKf6tSjaZZ6k7Bb2FOa2CzZDy2pvH6tYdg+Ch/p/OGXXhENFVV9GU7ASw==}
    engines: {node: ^20.19.0 || >=22.12.0}
    cpu: [arm64]
    os: [android]

  '@oxc-transform/binding-darwin-arm64@0.132.0':
    resolution: {integrity: sha512-yjL1GbN9Bb1HqjE8CS8NSwoZtDWgUGy43VbuFhmT4LEDx4Ph0guzVAyUKhc2CqqA4/x60qDvcH6QxwrguaqEVA==}
    engines: {node: ^20.19.0 || >=22.12.0}
    cpu: [arm64]
    os: [darwin]

  '@oxc-transform/binding-darwin-x64@0.132.0':
    resolution: {integrity: sha512-e3vVXEbNw93aHr3si8eVpUgl+jWF6Ry8RgUihgSxiI+2c/VMxiPsEDghkqPcjujqsMYDRdISWJi23xk+PP72ow==}
    engines: {node: ^20.19.0 || >=22.12.0}
    cpu: [x64]
    os: [darwin]

  '@oxc-transform/binding-freebsd-x64@0.132.0':
    resolution: {integrity: sha512-dIhAhkX8/It4IaKI944fN3jmfzunqv2sEG2G4fQdP5/1psycdqUHoVaY23DbpuYRIu4sWAdn/e1zQFP0GMkQOQ==}
    engines: {node: ^20.19.0 || >=22.12.0}
    cpu: [x64]
    os: [freebsd]

  '@oxc-transform/binding-linux-arm-gnueabihf@0.132.0':
    resolution: {integrity: sha512-eR0dfj1us7DNbGZ6eBdAqWnLZRkLqHFqewSHudX4gV7di3By8E05+M+qsGTB/zq/78Z0BYJeK1zGWu9un6jocw==}
    engines: {node: ^20.19.0 || >=22.12.0}
    cpu: [arm]
    os: [linux]

  '@oxc-transform/binding-linux-arm-musleabihf@0.132.0':
    resolution: {integrity: sha512-naNx0WaV70hKtgQ5LUS/jzRTy6XEQZ1krK7KTFZQLI1mEz+GqLrwsLCqEmtrQ6HcqLhvGvA6GAWfFrc/0mWryA==}
    engines: {node: ^20.19.0 || >=22.12.0}
    cpu: [arm]
    os: [linux]

  '@oxc-transform/binding-linux-arm64-gnu@0.132.0':
    resolution: {integrity: sha512-TWk1p0tbtE1tkMEABftfgXhMEfuoz3QieqBtMBXXyijizw/2YKNzbVSndG+vV73cSZgbyfoZ346pmuz0tQMzyw==}
    engines: {node: ^20.19.0 || >=22.12.0}
    cpu: [arm64]
    os: [linux]

  '@oxc-transform/binding-linux-arm64-musl@0.132.0':
    resolution: {integrity: sha512-LxURDI0Wm2KCQm/3ynNlI+nTgPdfmAfmrl54XPx+gaIqty8S/XWNCCTvLJWaCb0e5eKqnzrcTuhMDOdawqoYIA==}
    engines: {node: ^20.19.0 || >=22.12.0}
    cpu: [arm64]
    os: [linux]

  '@oxc-transform/binding-linux-ppc64-gnu@0.132.0':
    resolution: {integrity: sha512-eKEeG6SLtj01iDvi5QgMNzyEXt/K2BNWafZ0jGECmvqTWWaO2l4qBxUW+X+sAXp5vZBoT2WO3ZnshvIWXWjtKw==}
    engines: {node: ^20.19.0 || >=22.12.0}
    cpu: [ppc64]
    os: [linux]

  '@oxc-transform/binding-linux-riscv64-gnu@0.132.0':
    resolution: {integrity: sha512-Kz6tg1Msra7+2iGV8K5xANLO2SmpP6n+91/Yy+JJh9EagU4hvMm7loReszzz2bwhs6Xs4HPrglxIngMdqnHpXw==}
    engines: {node: ^20.19.0 || >=22.12.0}
    cpu: [riscv64]
    os: [linux]

  '@oxc-transform/binding-linux-riscv64-musl@0.132.0':
    resolution: {integrity: sha512-dtUSp80ElrxUhfBNmFWGkFQQ51j3tRoZkKBXxEWh+hb+S6bbEdZCW/VuCYo/gCTH3DywwyTeWiG+dtZfJiHKvg==}
    engines: {node: ^20.19.0 || >=22.12.0}
    cpu: [riscv64]
    os: [linux]

  '@oxc-transform/binding-linux-s390x-gnu@0.132.0':
    resolution: {integrity: sha512-9qVyCbYSs8dwVPpqKKWxuUAnLJ1+LyC5A4oNMZTzymRhuQr3coqAP/XWfJ8LlhQqI9GvhK0SWCOK0iM3HFUAnA==}
    engines: {node: ^20.19.0 || >=22.12.0}
    cpu: [s390x]
    os: [linux]

  '@oxc-transform/binding-linux-x64-gnu@0.132.0':
    resolution: {integrity: sha512-dUtJkDCYndDaxcuiSMyRoSb7sXmTbcJ61rDsUjIakghP6BkKwH57lyHYvSUhT1ZswXWwCjf3ksxlT8nA0iU6ag==}
    engines: {node: ^20.19.0 || >=22.12.0}
    cpu: [x64]
    os: [linux]

  '@oxc-transform/binding-linux-x64-musl@0.132.0':
    resolution: {integrity: sha512-I7BkkktnrriiO7o1dF3RDgKZoSmFKX9IE0W2LE1WdfmpZcAa3fbv5BW6oVbzk40iD29hWSP69A65WT9l6dxuzg==}
    engines: {node: ^20.19.0 || >=22.12.0}
    cpu: [x64]
    os: [linux]

  '@oxc-transform/binding-openharmony-arm64@0.132.0':
    resolution: {integrity: sha512-yiXaRYqgySJguURNZUFLDzSI1NTkP1jJKrowr8lQCKwY5N8DsESbQJ1RpSlEbeXGiy201puA+QC2fdr+ywQM/A==}
    engines: {node: ^20.19.0 || >=22.12.0}
    cpu: [arm64]
    os: [openharmony]

  '@oxc-transform/binding-wasm32-wasi@0.132.0':
    resolution: {integrity: sha512-KNago0Mv+zl2yl5hK2G9V4Yb7Tgpn+z6lgzgaHXkGp7S+iuUtN3av+QqPCD/J+Odq6EjjyXJrFPfmyjbXXbf4Q==}
    engines: {node: ^20.19.0 || >=22.12.0}
    cpu: [wasm32]

  '@oxc-transform/binding-win32-arm64-msvc@0.132.0':
    resolution: {integrity: sha512-3fprECrLHwPP809a1SRzszDxp8Fpp8IOg0V2EO49wS+3JmRFOo090h5c37faZvym5VnRZ12DH2tkT6ZVXwlOsA==}
    engines: {node: ^20.19.0 || >=22.12.0}
    cpu: [arm64]
    os: [win32]

  '@oxc-transform/binding-win32-ia32-msvc@0.132.0':
    resolution: {integrity: sha512-n616QqZ3hXasHytVoFjo6pLzIfo6hQwBEir0kOcaObKaAw0ZbncIe1h5a6IMnCOJGLP30WwnhwLW20tIV78MAA==}
    engines: {node: ^20.19.0 || >=22.12.0}
    cpu: [ia32]
    os: [win32]

  '@oxc-transform/binding-win32-x64-msvc@0.132.0':
    resolution: {integrity: sha512-P7A4Cz/0C0Oxa2zH/oCruzA/5EHr5RRz0x6KXYz3wwhS+dFqIBxP9yo8FKjXhKXHRKa+M+QHo+bqYiqqlVsEQg==}
    engines: {node: ^20.19.0 || >=22.12.0}
    cpu: [x64]
    os: [win32]

  '@petamoriken/float16@3.9.3':
    resolution: {integrity: sha512-8awtpHXCx/bNpFt4mt2xdkgtgVvKqty8VbjHI/WWWQuEw+KLzFot3f4+LkQY9YmOtq7A5GdOnqoIC8Pdygjk2g==}

  '@tybys/wasm-util@0.10.2':
    resolution: {integrity: sha512-RoBvJ2X0wuKlWFIjrwffGw1IqZHKQqzIchKaadZZfnNpsAYp2mM0h36JtPCjNDAHGgYez/15uMBpfGwchhiMgg==}

  get-tsconfig@4.14.0:
    resolution: {integrity: sha512-yTb+8DXzDREzgvYmh6s9vHsSVCHeC0G3PI5bEXNBHtmshPnO+S5O7qgLEOn0I5QvMy6kpZN8K1NKGyilLb93wA==}

  jsbi@4.3.2:
    resolution: {integrity: sha512-9fqMSQbhJykSeii05nxKl4m6Eqn2P6rOlYiS+C5Dr/HPIU/7yZxu5qzbs40tgaFORiw2Amd0mirjxatXYMkIew==}

  oxc-parser@0.132.0:
    resolution: {integrity: sha512-+0LAPHaqtfQlvWdpaAa09SmOaZZgP8C552xosEkGJ4+ruEwP1Vgx+sqBgcBCNfR6KDCmagGOZTde8wmAvcI/Hg==}
    engines: {node: ^20.19.0 || >=22.12.0}

  oxc-transform@0.132.0:
    resolution: {integrity: sha512-DmP0+4kzpXoMvv08qPCD4aI6mAIzrEq15Yt9e6wXCNtOz6jEDHPpueusDa2/pvjRAqtNV37YxUUeX7cfCI4dpA==}
    engines: {node: ^20.19.0 || >=22.12.0}

  resolve-pkg-maps@1.0.0:
    resolution: {integrity: sha512-seS2Tj26TBVOC2NIc2rOe2y2ZO7efxITtLZcGSOnHHNOQ7CkiUBfw0Iw2ck6xkIhPwLhKNLS8BO+hEpngQlqzw==}

  tslib@2.8.1:
    resolution: {integrity: sha512-oJFu94HQb+KVduSUQL7wnpmqnfmLsOA/nAh6b6EH0wCEoK0/mPeXU6c3wKDV83MkOuHPRHtSXKKU99IBazS/2w==}

  urlpattern-polyfill@10.1.0:
    resolution: {integrity: sha512-IGjKp/o0NL3Bso1PymYURCJxMPNAf/ILOpendP9f5B6e1rTJgdgiOvgfoT8VxCAdY+Wisb9uhGaJJf3yZ2V9nw==}

snapshots:

  '@emnapi/core@1.10.0':
    dependencies:
      '@emnapi/wasi-threads': 1.2.1
      tslib: 2.8.1
    optional: true

  '@emnapi/runtime@1.10.0':
    dependencies:
      tslib: 2.8.1
    optional: true

  '@emnapi/wasi-threads@1.2.1':
    dependencies:
      tslib: 2.8.1
    optional: true

  '@js-temporal/polyfill@0.5.1':
    dependencies:
      jsbi: 4.3.2

  '@napi-rs/wasm-runtime@1.1.4(@emnapi/core@1.10.0)(@emnapi/runtime@1.10.0)':
    dependencies:
      '@emnapi/core': 1.10.0
      '@emnapi/runtime': 1.10.0
      '@tybys/wasm-util': 0.10.2
    optional: true

  '@oxc-parser/binding-android-arm-eabi@0.132.0':
    optional: true

  '@oxc-parser/binding-android-arm64@0.132.0':
    optional: true

  '@oxc-parser/binding-darwin-arm64@0.132.0':
    optional: true

  '@oxc-parser/binding-darwin-x64@0.132.0':
    optional: true

  '@oxc-parser/binding-freebsd-x64@0.132.0':
    optional: true

  '@oxc-parser/binding-linux-arm-gnueabihf@0.132.0':
    optional: true

  '@oxc-parser/binding-linux-arm-musleabihf@0.132.0':
    optional: true

  '@oxc-parser/binding-linux-arm64-gnu@0.132.0':
    optional: true

  '@oxc-parser/binding-linux-arm64-musl@0.132.0':
    optional: true

  '@oxc-parser/binding-linux-ppc64-gnu@0.132.0':
    optional: true

  '@oxc-parser/binding-linux-riscv64-gnu@0.132.0':
    optional: true

  '@oxc-parser/binding-linux-riscv64-musl@0.132.0':
    optional: true

  '@oxc-parser/binding-linux-s390x-gnu@0.132.0':
    optional: true

  '@oxc-parser/binding-linux-x64-gnu@0.132.0':
    optional: true

  '@oxc-parser/binding-linux-x64-musl@0.132.0':
    optional: true

  '@oxc-parser/binding-openharmony-arm64@0.132.0':
    optional: true

  '@oxc-parser/binding-wasm32-wasi@0.132.0':
    dependencies:
      '@emnapi/core': 1.10.0
      '@emnapi/runtime': 1.10.0
      '@napi-rs/wasm-runtime': 1.1.4(@emnapi/core@1.10.0)(@emnapi/runtime@1.10.0)
    optional: true

  '@oxc-parser/binding-win32-arm64-msvc@0.132.0':
    optional: true

  '@oxc-parser/binding-win32-ia32-msvc@0.132.0':
    optional: true

  '@oxc-parser/binding-win32-x64-msvc@0.132.0':
    optional: true

  '@oxc-project/runtime@0.132.0': {}

  '@oxc-project/types@0.132.0': {}

  '@oxc-transform/binding-android-arm-eabi@0.132.0':
    optional: true

  '@oxc-transform/binding-android-arm64@0.132.0':
    optional: true

  '@oxc-transform/binding-darwin-arm64@0.132.0':
    optional: true

  '@oxc-transform/binding-darwin-x64@0.132.0':
    optional: true

  '@oxc-transform/binding-freebsd-x64@0.132.0':
    optional: true

  '@oxc-transform/binding-linux-arm-gnueabihf@0.132.0':
    optional: true

  '@oxc-transform/binding-linux-arm-musleabihf@0.132.0':
    optional: true

  '@oxc-transform/binding-linux-arm64-gnu@0.132.0':
    optional: true

  '@oxc-transform/binding-linux-arm64-musl@0.132.0':
    optional: true

  '@oxc-transform/binding-linux-ppc64-gnu@0.132.0':
    optional: true

  '@oxc-transform/binding-linux-riscv64-gnu@0.132.0':
    optional: true

  '@oxc-transform/binding-linux-riscv64-musl@0.132.0':
    optional: true

  '@oxc-transform/binding-linux-s390x-gnu@0.132.0':
    optional: true

  '@oxc-transform/binding-linux-x64-gnu@0.132.0':
    optional: true

  '@oxc-transform/binding-linux-x64-musl@0.132.0':
    optional: true

  '@oxc-transform/binding-openharmony-arm64@0.132.0':
    optional: true

  '@oxc-transform/binding-wasm32-wasi@0.132.0':
    dependencies:
      '@emnapi/core': 1.10.0
      '@emnapi/runtime': 1.10.0
      '@napi-rs/wasm-runtime': 1.1.4(@emnapi/core@1.10.0)(@emnapi/runtime@1.10.0)
    optional: true

  '@oxc-transform/binding-win32-arm64-msvc@0.132.0':
    optional: true

  '@oxc-transform/binding-win32-ia32-msvc@0.132.0':
    optional: true

  '@oxc-transform/binding-win32-x64-msvc@0.132.0':
    optional: true

  '@petamoriken/float16@3.9.3': {}

  '@tybys/wasm-util@0.10.2':
    dependencies:
      tslib: 2.8.1
    optional: true

  get-tsconfig@4.14.0:
    dependencies:
      resolve-pkg-maps: 1.0.0

  jsbi@4.3.2: {}

  oxc-parser@0.132.0:
    dependencies:
      '@oxc-project/types': 0.132.0
    optionalDependencies:
      '@oxc-parser/binding-android-arm-eabi': 0.132.0
      '@oxc-parser/binding-android-arm64': 0.132.0
      '@oxc-parser/binding-darwin-arm64': 0.132.0
      '@oxc-parser/binding-darwin-x64': 0.132.0
      '@oxc-parser/binding-freebsd-x64': 0.132.0
      '@oxc-parser/binding-linux-arm-gnueabihf': 0.132.0
      '@oxc-parser/binding-linux-arm-musleabihf': 0.132.0
      '@oxc-parser/binding-linux-arm64-gnu': 0.132.0
      '@oxc-parser/binding-linux-arm64-musl': 0.132.0
      '@oxc-parser/binding-linux-ppc64-gnu': 0.132.0
      '@oxc-parser/binding-linux-riscv64-gnu': 0.132.0
      '@oxc-parser/binding-linux-riscv64-musl': 0.132.0
      '@oxc-parser/binding-linux-s390x-gnu': 0.132.0
      '@oxc-parser/binding-linux-x64-gnu': 0.132.0
      '@oxc-parser/binding-linux-x64-musl': 0.132.0
      '@oxc-parser/binding-openharmony-arm64': 0.132.0
      '@oxc-parser/binding-wasm32-wasi': 0.132.0
      '@oxc-parser/binding-win32-arm64-msvc': 0.132.0
      '@oxc-parser/binding-win32-ia32-msvc': 0.132.0
      '@oxc-parser/binding-win32-x64-msvc': 0.132.0

  oxc-transform@0.132.0:
    optionalDependencies:
      '@oxc-transform/binding-android-arm-eabi': 0.132.0
      '@oxc-transform/binding-android-arm64': 0.132.0
      '@oxc-transform/binding-darwin-arm64': 0.132.0
      '@oxc-transform/binding-darwin-x64': 0.132.0
      '@oxc-transform/binding-freebsd-x64': 0.132.0
      '@oxc-transform/binding-linux-arm-gnueabihf': 0.132.0
      '@oxc-transform/binding-linux-arm-musleabihf': 0.132.0
      '@oxc-transform/binding-linux-arm64-gnu': 0.132.0
      '@oxc-transform/binding-linux-arm64-musl': 0.132.0
      '@oxc-transform/binding-linux-ppc64-gnu': 0.132.0
      '@oxc-transform/binding-linux-riscv64-gnu': 0.132.0
      '@oxc-transform/binding-linux-riscv64-musl': 0.132.0
      '@oxc-transform/binding-linux-s390x-gnu': 0.132.0
      '@oxc-transform/binding-linux-x64-gnu': 0.132.0
      '@oxc-transform/binding-linux-x64-musl': 0.132.0
      '@oxc-transform/binding-openharmony-arm64': 0.132.0
      '@oxc-transform/binding-wasm32-wasi': 0.132.0
      '@oxc-transform/binding-win32-arm64-msvc': 0.132.0
      '@oxc-transform/binding-win32-ia32-msvc': 0.132.0
      '@oxc-transform/binding-win32-x64-msvc': 0.132.0

  resolve-pkg-maps@1.0.0: {}

  tslib@2.8.1:
    optional: true

  urlpattern-polyfill@10.1.0: {}
