lockfileVersion: '9.0'

settings:
  autoInstallPeers: true
  excludeLinksFromLockfile: false

importers:

  .:
    dependencies:
      is-odd:
        specifier: 3.0.1
        version: 3.0.1

packages:

  is-number@6.0.0:
    engines: {node: '>=0.10.0'}

  is-odd@3.0.1:
    engines: {node: '>=4'}

snapshots:

  is-number@6.0.0: {}

  is-odd@3.0.1:
    dependencies:
      is-number: 6.0.0
