lockfileVersion: '9.0'

settings:
  autoInstallPeers: true
  excludeLinksFromLockfile: false

importers:

  .:
    dependencies:
      '@firebase/app':
        specifier: 0.10.13
        version: 0.10.13
      '@firebase/database':
        specifier: 1.0.8
        version: 1.0.8

packages:

  '@firebase/app-check-interop-types@0.3.2':
    resolution: {integrity: sha512-LMs47Vinv2HBMZi49C09dJxp0QT5LwDzFaVGf/+ITHe3BlIhUiLNttkATSXplc89A2lAaeTqjgqVkiRfUGyQiQ==}

  '@firebase/app@0.10.13':
    resolution: {integrity: sha512-OZiDAEK/lDB6xy/XzYAyJJkaDqmQ+BCtOEPLqFvxWKUz5JbBmej7IiiRHdtiIOD/twW7O5AxVsfaaGA/V1bNsA==}

  '@firebase/auth-interop-types@0.2.3':
    resolution: {integrity: sha512-Fc9wuJGgxoxQeavybiuwgyi+0rssr76b+nHpj+eGhXFYAdudMWyfBHvFL/I5fEHniUM/UQdFzi9VXJK2iZF7FQ==}

  '@firebase/component@0.6.9':
    resolution: {integrity: sha512-gm8EUEJE/fEac86AvHn8Z/QW8BvR56TBw3hMW0O838J/1mThYQXAIQBgUv75EqlCZfdawpWLrKt1uXvp9ciK3Q==}

  '@firebase/database@1.0.8':
    resolution: {integrity: sha512-dzXALZeBI1U5TXt6619cv0+tgEhJiwlUtQ55WNZY7vGAjv7Q1QioV969iYwt1AQQ0ovHnEW0YW9TiBfefLvErg==}

  '@firebase/logger@0.4.2':
    resolution: {integrity: sha512-Q1VuA5M1Gjqrwom6I6NUU4lQXdo9IAQieXlujeHZWvRt1b7qQ0KwBaNAjgxG27jgF9/mUwsNmO8ptBCGVYhB0A==}

  '@firebase/util@1.10.0':
    resolution: {integrity: sha512-xKtx4A668icQqoANRxyDLBLz51TAbDP9KRfpbKGxiCAW346d0BeJe5vN6/hKxxmWwnZ0mautyv39JxviwwQMOQ==}

  faye-websocket@0.11.4:
    resolution: {integrity: sha512-CzbClwlXAuiRQAlUyfqPgvPoNKTckTPGfwZV4ZdAhVcP2lh9KUxJg2b5GkE7XbjKQ3YJnQ9z6D9ntLAlB+tP8g==}
    engines: {node: '>=0.8.0'}

  http-parser-js@0.5.10:
    resolution: {integrity: sha512-Pysuw9XpUq5dVc/2SMHpuTY01RFl8fttgcyunjL7eEMhGM3cI4eOmiCycJDVCo/7O7ClfQD3SaI6ftDzqOXYMA==}

  idb@7.1.1:
    resolution: {integrity: sha512-gchesWBzyvGHRO9W8tzUWFDycow5gwjvFKfyV9FF32Y7F50yZMp7mP+T2mJIWFx49zicqyC4uefHM17o6xKIVQ==}

  safe-buffer@5.2.1:
    resolution: {integrity: sha512-rp3So07KcdmmKbGvgaNxQSJr7bGVSVk5S9Eq1F+ppbRo70+YeaDxkw5Dd8NPN+GD6bjnYm2VuPuCXmpuYvmCXQ==}

  tslib@2.8.1:
    resolution: {integrity: sha512-oJFu94HQb+KVduSUQL7wnpmqnfmLsOA/nAh6b6EH0wCEoK0/mPeXU6c3wKDV83MkOuHPRHtSXKKU99IBazS/2w==}

  websocket-driver@0.7.5:
    resolution: {integrity: sha512-ZL2+3c7kMBdIRCMz6l8jQMHyGVxj+UL+xVk74Ombiciboca8rHa15L86B19E5oh1pL9Ii/uj54gtsIrZGMo6zA==}
    engines: {node: '>=0.8.0'}

  websocket-extensions@0.1.4:
    resolution: {integrity: sha512-OqedPIGOfsDlo31UNwYbCFMSaO9m9G/0faIHj5/dZFDMFqPTcx6UwqyOy3COEaEOg/9VsGIpdqn62W5KhoKSpg==}
    engines: {node: '>=0.8.0'}

snapshots:

  '@firebase/app-check-interop-types@0.3.2': {}

  '@firebase/app@0.10.13':
    dependencies:
      '@firebase/component': 0.6.9
      '@firebase/logger': 0.4.2
      '@firebase/util': 1.10.0
      idb: 7.1.1
      tslib: 2.8.1

  '@firebase/auth-interop-types@0.2.3': {}

  '@firebase/component@0.6.9':
    dependencies:
      '@firebase/util': 1.10.0
      tslib: 2.8.1

  '@firebase/database@1.0.8':
    dependencies:
      '@firebase/app-check-interop-types': 0.3.2
      '@firebase/auth-interop-types': 0.2.3
      '@firebase/component': 0.6.9
      '@firebase/logger': 0.4.2
      '@firebase/util': 1.10.0
      faye-websocket: 0.11.4
      tslib: 2.8.1

  '@firebase/logger@0.4.2':
    dependencies:
      tslib: 2.8.1

  '@firebase/util@1.10.0':
    dependencies:
      tslib: 2.8.1

  faye-websocket@0.11.4:
    dependencies:
      websocket-driver: 0.7.5

  http-parser-js@0.5.10: {}

  idb@7.1.1: {}

  safe-buffer@5.2.1: {}

  tslib@2.8.1: {}

  websocket-driver@0.7.5:
    dependencies:
      http-parser-js: 0.5.10
      safe-buffer: 5.2.1
      websocket-extensions: 0.1.4

  websocket-extensions@0.1.4: {}
